// !$*UTF8*$!
{
	archiveVersion = 1;
	classes = {
	};
	objectVersion = 50;
	objects = {

/* Begin PBXBuildFile section */
		7A1AFD362569AAA600DDC126 /* AppDelegate.swift in Sources */ = {isa = PBXBuildFile; fileRef = 7A1AFD352569AAA600DDC126 /* AppDelegate.swift */; };
		7A1AFD382569AAA600DDC126 /* SceneDelegate.swift in Sources */ = {isa = PBXBuildFile; fileRef = 7A1AFD372569AAA600DDC126 /* SceneDelegate.swift */; };
		7A1AFD3A2569AAA600DDC126 /* ViewController.swift in Sources */ = {isa = PBXBuildFile; fileRef = 7A1AFD392569AAA600DDC126 /* ViewController.swift */; };
		7A1AFD3D2569AAA600DDC126 /* Main.storyboard in Resources */ = {isa = PBXBuildFile; fileRef = 7A1AFD3B2569AAA600DDC126 /* Main.storyboard */; };
		7A1AFD402569AAA600DDC126 /* ToDoAppCD.xcdatamodeld in Sources */ = {isa = PBXBuildFile; fileRef = 7A1AFD3E2569AAA600DDC126 /* ToDoAppCD.xcdatamodeld */; };
		7A1AFD422569AAA700DDC126 /* Assets.xcassets in Resources */ = {isa = PBXBuildFile; fileRef = 7A1AFD412569AAA700DDC126 /* Assets.xcassets */; };
		7A1AFD452569AAA700DDC126 /* LaunchScreen.storyboard in Resources */ = {isa = PBXBuildFile; fileRef = 7A1AFD432569AAA700DDC126 /* LaunchScreen.storyboard */; };
/* End PBXBuildFile section */

/* Begin PBXFileReference section */
		7A1AFD322569AAA600DDC126 /* ToDoAppCD.app */ = {isa = PBXFileReference; explicitFileType = wrapper.application; includeInIndex = 0; path = ToDoAppCD.app; sourceTree = BUILT_PRODUCTS_DIR; };
		7A1AFD352569AAA600DDC126 /* AppDelegate.swift */ = {isa = PBXFileReference; lastKnownFileType = sourcecode.swift; path = AppDelegate.swift; sourceTree = "<group>"; };
		7A1AFD372569AAA600DDC126 /* SceneDelegate.swift */ = {isa = PBXFileReference; lastKnownFileType = sourcecode.swift; path = SceneDelegate.swift; sourceTree = "<group>"; };
		7A1AFD392569AAA600DDC126 /* ViewController.swift */ = {isa = PBXFileReference; lastKnownFileType = sourcecode.swift; path = ViewController.swift; sourceTree = "<group>"; };
		7A1AFD3C2569AAA600DDC126 /* Base */ = {isa = PBXFileReference; lastKnownFileType = file.storyboard; name = Base; path = Base.lproj/Main.storyboard; sourceTree = "<group>"; };
		7A1AFD3F2569AAA600DDC126 /* ToDoAppCD.xcdatamodel */ = {isa = PBXFileReference; lastKnownFileType = wrapper.xcdatamodel; path = ToDoAppCD.xcdatamodel; sourceTree = "<group>"; };
		7A1AFD412569AAA700DDC126 /* Assets.xcassets */ = {isa = PBXFileReference; lastKnownFileType = folder.assetcatalog; path = Assets.xcassets; sourceTree = "<group>"; };
		7A1AFD442569AAA700DDC126 /* Base */ = {isa = PBXFileReference; lastKnownFileType = file.storyboard; name = Base; path = Base.lproj/LaunchScreen.storyboard; sourceTree = "<group>"; };
		7A1AFD462569AAA700DDC126 /* Info.plist */ = {isa = PBXFileReference; lastKnownFileType = text.plist.xml; path = Info.plist; sourceTree = "<group>"; };
/* End PBXFileReference section */

/* Begin PBXFrameworksBuildPhase section */
		7A1AFD2F2569AAA600DDC126 /* Frameworks */ = {
			isa = PBXFrameworksBuildPhase;
			buildActionMask = 2147483647;
			files = (
			);
			runOnlyForDeploymentPostprocessing = 0;
		};
/* End PBXFrameworksBuildPhase section */

/* Begin PBXGroup section */
		7A1AFD292569AAA600DDC126 = {
			isa = PBXGroup;
			children = (
				7A1AFD342569AAA600DDC126 /* ToDoAppCD */,
				7A1AFD332569AAA600DDC126 /* Products */,
			);
			sourceTree = "<group>";
		};
		7A1AFD332569AAA600DDC126 /* Products */ = {
			isa = PBXGroup;
			children = (
				7A1AFD322569AAA600DDC126 /* ToDoAppCD.app */,
			);
			name = Products;
			sourceTree = "<group>";
		};
		7A1AFD342569AAA600DDC126 /* ToDoAppCD */ = {
			isa = PBXGroup;
			children = (
				7A1AFD352569AAA600DDC126 /* AppDelegate.swift */,
				7A1AFD372569AAA600DDC126 /* SceneDelegate.swift */,
				7A2F24FA25711B7100A6B108 /* Model */,
				7A2F24F925711B6400A6B108 /* View */,
				7A2F24F725711B5C00A6B108 /* Controller */,
				7A1AFD412569AAA700DDC126 /* Assets.xcassets */,
				7A1AFD432569AAA700DDC126 /* LaunchScreen.storyboard */,
				7A1AFD462569AAA700DDC126 /* Info.plist */,
				7A1AFD3E2569AAA600DDC126 /* ToDoAppCD.xcdatamodeld */,
			);
			path = ToDoAppCD;
			sourceTree = "<group>";
		};
		7A2F24F725711B5C00A6B108 /* Controller */ = {
			isa = PBXGroup;
			children = (
				7A1AFD392569AAA600DDC126 /* ViewController.swift */,
			);
			path = Controller;
			sourceTree = "<group>";
		};
		7A2F24F925711B6400A6B108 /* View */ = {
			isa = PBXGroup;
			children = (
				7A1AFD3B2569AAA600DDC126 /* Main.storyboard */,
			);
			path = View;
			sourceTree = "<group>";
		};
		7A2F24FA25711B7100A6B108 /* Model */ = {
			isa = PBXGroup;
			children = (
			);
			path = Model;
			sourceTree = "<group>";
		};
/* End PBXGroup section */

/* Begin PBXNativeTarget section */
		7A1AFD312569AAA600DDC126 /* ToDoAppCD */ = {
			isa = PBXNativeTarget;
			buildConfigurationList = 7A1AFD492569AAA700DDC126 /* Build configuration list for PBXNativeTarget "ToDoAppCD" */;
			buildPhases = (
				7A1AFD2E2569AAA600DDC126 /* Sources */,
				7A1AFD2F2569AAA600DDC126 /* Frameworks */,
				7A1AFD302569AAA600DDC126 /* Resources */,
			);
			buildRules = (
			);
			dependencies = (
			);
			name = ToDoAppCD;
			productName = ToDoAppCD;
			productReference = 7A1AFD322569AAA600DDC126 /* ToDoAppCD.app */;
			productType = "com.apple.product-type.application";
		};
/* End PBXNativeTarget section */

/* Begin PBXProject section */
		7A1AFD2A2569AAA600DDC126 /* Project object */ = {
			isa = PBXProject;
			attributes = {
				LastSwiftUpdateCheck = 1220;
				LastUpgradeCheck = 1220;
				TargetAttributes = {
					7A1AFD312569AAA600DDC126 = {
						CreatedOnToolsVersion = 12.2;
					};
				};
			};
			buildConfigurationList = 7A1AFD2D2569AAA600DDC126 /* Build configuration list for PBXProject "ToDoAppCD" */;
			compatibilityVersion = "Xcode 9.3";
			developmentRegion = en;
			hasScannedForEncodings = 0;
			knownRegions = (
				en,
				Base,
			);
			mainGroup = 7A1AFD292569AAA600DDC126;
			productRefGroup = 7A1AFD332569AAA600DDC126 /* Products */;
			projectDirPath = "";
			projectRoot = "";
			targets = (
				7A1AFD312569AAA600DDC126 /* ToDoAppCD */,
			);
		};
/* End PBXProject section */

/* Begin PBXResourcesBuildPhase section */
		7A1AFD302569AAA600DDC126 /* Resources */ = {
			isa = PBXResourcesBuildPhase;
			buildActionMask = 2147483647;
			files = (
				7A1AFD452569AAA700DDC126 /* LaunchScreen.storyboard in Resources */,
				7A1AFD422569AAA700DDC126 /* Assets.xcassets in Resources */,
				7A1AFD3D2569AAA600DDC126 /* Main.storyboard in Resources */,
			);
			runOnlyForDeploymentPostprocessing = 0;
		};
/* End PBXResourcesBuildPhase section */

/* Begin PBXSourcesBuildPhase section */
		7A1AFD2E2569AAA600DDC126 /* Sources */ = {
			isa = PBXSourcesBuildPhase;
			buildActionMask = 2147483647;
			files = (
				7A1AFD402569AAA600DDC126 /* ToDoAppCD.xcdatamodeld in Sources */,
				7A1AFD3A2569AAA600DDC126 /* ViewController.swift in Sources */,
				7A1AFD362569AAA600DDC126 /* AppDelegate.swift in Sources */,
				7A1AFD382569AAA600DDC126 /* SceneDelegate.swift in Sources */,
			);
			runOnlyForDeploymentPostprocessing = 0;
		};
/* End PBXSourcesBuildPhase section */

/* Begin PBXVariantGroup section */
		7A1AFD3B2569AAA600DDC126 /* Main.storyboard */ = {
			isa = PBXVariantGroup;
			children = (
				7A1AFD3C2569AAA600DDC126 /* Base */,
			);
			name = Main.storyboard;
			sourceTree = "<group>";
		};
		7A1AFD432569AAA700DDC126 /* LaunchScreen.storyboard */ = {
			isa = PBXVariantGroup;
			children = (
				7A1AFD442569AAA700DDC126 /* Base */,
			);
			name = LaunchScreen.storyboard;
			sourceTree = "<group>";
		};
/* End PBXVariantGroup section */

/* Begin XCBuildConfiguration section */
		7A1AFD472569AAA700DDC126 /* Debug */ = {
			isa = XCBuildConfiguration;
			buildSettings = {
				ALWAYS_SEARCH_USER_PATHS = NO;
				CLANG_ANALYZER_NONNULL = YES;
				CLANG_ANALYZER_NUMBER_OBJECT_CONVERSION = YES_AGGRESSIVE;
				CLANG_CXX_LANGUAGE_STANDARD = "gnu++14";
				CLANG_CXX_LIBRARY = "libc++";
				CLANG_ENABLE_MODULES = YES;
				CLANG_ENABLE_OBJC_ARC = YES;
				CLANG_ENABLE_OBJC_WEAK = YES;
				CLANG_WARN_BLOCK_CAPTURE_AUTORELEASING = YES;
				CLANG_WARN_BOOL_CONVERSION = YES;
				CLANG_WARN_COMMA = YES;
				CLANG_WARN_CONSTANT_CONVERSION = YES;
				CLANG_WARN_DEPRECATED_OBJC_IMPLEMENTATIONS = YES;
				CLANG_WARN_DIRECT_OBJC_ISA_USAGE = YES_ERROR;
				CLANG_WARN_DOCUMENTATION_COMMENTS = YES;
				CLANG_WARN_EMPTY_BODY = YES;
				CLANG_WARN_ENUM_CONVERSION = YES;
				CLANG_WARN_INFINITE_RECURSION = YES;
				CLANG_WARN_INT_CONVERSION = YES;
				CLANG_WARN_NON_LITERAL_NULL_CONVERSION = YES;
				CLANG_WARN_OBJC_IMPLICIT_RETAIN_SELF = YES;
				CLANG_WARN_OBJC_LITERAL_CONVERSION = YES;
				CLANG_WARN_OBJC_ROOT_CLASS = YES_ERROR;
				CLANG_WARN_QUOTED_INCLUDE_IN_FRAMEWORK_HEADER = YES;
				CLANG_WARN_RANGE_LOOP_ANALYSIS = YES;
				CLANG_WARN_STRICT_PROTOTYPES = YES;
				CLANG_WARN_SUSPICIOUS_MOVE = YES;
				CLANG_WARN_UNGUARDED_AVAILABILITY = YES_AGGRESSIVE;
				CLANG_WARN_UNREACHABLE_CODE = YES;
				CLANG_WARN__DUPLICATE_METHOD_MATCH = YES;
				COPY_PHASE_STRIP = NO;
				DEBUG_INFORMATION_FORMAT = dwarf;
				ENABLE_STRICT_OBJC_MSGSEND = YES;
				ENABLE_TESTABILITY = YES;
				GCC_C_LANGUAGE_STANDARD = gnu11;
				GCC_DYNAMIC_NO_PIC = NO;
				GCC_NO_COMMON_BLOCKS = YES;
				GCC_OPTIMIZATION_LEVEL = 0;
				GCC_PREPROCESSOR_DEFINITIONS = (
					"DEBUG=1",
					"$(inherited)",
				);
				GCC_WARN_64_TO_32_BIT_CONVERSION = YES;
				GCC_WARN_ABOUT_RETURN_TYPE = YES_ERROR;
				GCC_WARN_UNDECLARED_SELECTOR = YES;
				GCC_WARN_UNINITIALIZED_AUTOS = YES_AGGRESSIVE;
				GCC_WARN_UNUSED_FUNCTION = YES;
				GCC_WARN_UNUSED_VARIABLE = YES;
				IPHONEOS_DEPLOYMENT_TARGET = 14.2;
				MTL_ENABLE_DEBUG_INFO = INCLUDE_SOURCE;
				MTL_FAST_MATH = YES;
				ONLY_ACTIVE_ARCH = YES;
				SDKROOT = iphoneos;
				SWIFT_ACTIVE_COMPILATION_CONDITIONS = DEBUG;
				SWIFT_OPTIMIZATION_LEVEL = "-Onone";
			};
			name = Debug;
		};
		7A1AFD482569AAA700DDC126 /* Release */ = {
			isa = XCBuildConfiguration;
			buildSettings = {
				ALWAYS_SEARCH_USER_PATHS = NO;
				CLANG_ANALYZER_NONNULL = YES;
				CLANG_ANALYZER_NUMBER_OBJECT_CONVERSION = YES_AGGRESSIVE;
				CLANG_CXX_LANGUAGE_STANDARD = "gnu++14";
				CLANG_CXX_LIBRARY = "libc++";
				CLANG_ENABLE_MODULES = YES;
				CLANG_ENABLE_OBJC_ARC = YES;
				CLANG_ENABLE_OBJC_WEAK = YES;
				CLANG_WARN_BLOCK_CAPTURE_AUTORELEASING = YES;
				CLANG_WARN_BOOL_CONVERSION = YES;
				CLANG_WARN_COMMA = YES;
				CLANG_WARN_CONSTANT_CONVERSION = YES;
				CLANG_WARN_DEPRECATED_OBJC_IMPLEMENTATIONS = YES;
				CLANG_WARN_DIRECT_OBJC_ISA_USAGE = YES_ERROR;
				CLANG_WARN_DOCUMENTATION_COMMENTS = YES;
				CLANG_WARN_EMPTY_BODY = YES;
				CLANG_WARN_ENUM_CONVERSION = YES;
				CLANG_WARN_INFINITE_RECURSION = YES;
				CLANG_WARN_INT_CONVERSION = YES;
				CLANG_WARN_NON_LITERAL_NULL_CONVERSION = YES;
				CLANG_WARN_OBJC_IMPLICIT_RETAIN_SELF = YES;
				CLANG_WARN_OBJC_LITERAL_CONVERSION = YES;
				CLANG_WARN_OBJC_ROOT_CLASS = YES_ERROR;
				CLANG_WARN_QUOTED_INCLUDE_IN_FRAMEWORK_HEADER = YES;
				CLANG_WARN_RANGE_LOOP_ANALYSIS = YES;
				CLANG_WARN_STRICT_PROTOTYPES = YES;
				CLANG_WARN_SUSPICIOUS_MOVE = YES;
				CLANG_WARN_UNGUARDED_AVAILABILITY = YES_AGGRESSIVE;
				CLANG_WARN_UNREACHABLE_CODE = YES;
				CLANG_WARN__DUPLICATE_METHOD_MATCH = YES;
				COPY_PHASE_STRIP = NO;
				DEBUG_INFORMATION_FORMAT = "dwarf-with-dsym";
				ENABLE_NS_ASSERTIONS = NO;
				ENABLE_STRICT_OBJC_MSGSEND = YES;
				GCC_C_LANGUAGE_STANDARD = gnu11;
				GCC_NO_COMMON_BLOCKS = YES;
				GCC_WARN_64_TO_32_BIT_CONVERSION = YES;
				GCC_WARN_ABOUT_RETURN_TYPE = YES_ERROR;
				GCC_WARN_UNDECLARED_SELECTOR = YES;
				GCC_WARN_UNINITIALIZED_AUTOS = YES_AGGRESSIVE;
				GCC_WARN_UNUSED_FUNCTION = YES;
				GCC_WARN_UNUSED_VARIABLE = YES;
				IPHONEOS_DEPLOYMENT_TARGET = 14.2;
				MTL_ENABLE_DEBUG_INFO = NO;
				MTL_FAST_MATH = YES;
				SDKROOT = iphoneos;
				SWIFT_COMPILATION_MODE = wholemodule;
				SWIFT_OPTIMIZATION_LEVEL = "-O";
				VALIDATE_PRODUCT = YES;
			};
			name = Release;
		};
		7A1AFD4A2569AAA700DDC126 /* Debug */ = {
			isa = XCBuildConfiguration;
			buildSettings = {
				ASSETCATALOG_COMPILER_APPICON_NAME = AppIcon;
				ASSETCATALOG_COMPILER_GLOBAL_ACCENT_COLOR_NAME = AccentColor;
				CODE_SIGN_STYLE = Automatic;
				INFOPLIST_FILE = ToDoAppCD/Info.plist;
				LD_RUNPATH_SEARCH_PATHS = (
					"$(inherited)",
					"@executable_path/Frameworks",
				);
				PRODUCT_BUNDLE_IDENTIFIER = com.lukaszr.ToDoAppCD;
				PRODUCT_NAME = "$(TARGET_NAME)";
				SWIFT_VERSION = 5.0;
				TARGETED_DEVICE_FAMILY = "1,2";
			};
			name = Debug;
		};
		7A1AFD4B2569AAA700DDC126 /* Release */ = {
			isa = XCBuildConfiguration;
			buildSettings = {
				ASSETCATALOG_COMPILER_APPICON_NAME = AppIcon;
				ASSETCATALOG_COMPILER_GLOBAL_ACCENT_COLOR_NAME = AccentColor;
				CODE_SIGN_STYLE = Automatic;
				INFOPLIST_FILE = ToDoAppCD/Info.plist;
				LD_RUNPATH_SEARCH_PATHS = (
					"$(inherited)",
					"@executable_path/Frameworks",
				);
				PRODUCT_BUNDLE_IDENTIFIER = com.lukaszr.ToDoAppCD;
				PRODUCT_NAME = "$(TARGET_NAME)";
				SWIFT_VERSION = 5.0;
				TARGETED_DEVICE_FAMILY = "1,2";
			};
			name = Release;
		};
/* End XCBuildConfiguration section */

/* Begin XCConfigurationList section */
		7A1AFD2D2569AAA600DDC126 /* Build configuration list for PBXProject "ToDoAppCD" */ = {
			isa = XCConfigurationList;
			buildConfigurations = (
				7A1AFD472569AAA700DDC126 /* Debug */,
				7A1AFD482569AAA700DDC126 /* Release */,
			);
			defaultConfigurationIsVisible = 0;
			defaultConfigurationName = Release;
		};
		7A1AFD492569AAA700DDC126 /* Build configuration list for PBXNativeTarget "ToDoAppCD" */ = {
			isa = XCConfigurationList;
			buildConfigurations = (
				7A1AFD4A2569AAA700DDC126 /* Debug */,
				7A1AFD4B2569AAA700DDC126 /* Release */,
			);
			defaultConfigurationIsVisible = 0;
			defaultConfigurationName = Release;
		};
/* End XCConfigurationList section */

/* Begin XCVersionGroup section */
		7A1AFD3E2569AAA600DDC126 /* ToDoAppCD.xcdatamodeld */ = {
			isa = XCVersionGroup;
			children = (
				7A1AFD3F2569AAA600DDC126 /* ToDoAppCD.xcdatamodel */,
			);
			currentVersion = 7A1AFD3F2569AAA600DDC126 /* ToDoAppCD.xcdatamodel */;
			path = ToDoAppCD.xcdatamodeld;
			sourceTree = "<group>";
			versionGroupType = wrapper.xcdatamodel;
		};
/* End XCVersionGroup section */
	};
	rootObject = 7A1AFD2A2569AAA600DDC126 /* Project object */;
}
